
Microsoft Visual Studio Solution File, Format Version 12.00
# Visual Studio 14
VisualStudioVersion = 14.0.25420.1
MinimumVisualStudioVersion = 10.0.40219.1
Project("{FAE04EC0-301F-11D3-BF4B-00C04F79EFBC}") = "Part1", "Part1\Part1.csproj", "{F5417413-2177-4004-AD9C-2DC4FDB442C0}"
EndProject
Global
	GlobalSection(SolutionConfigurationPlatforms) = preSolution
		Debug|Any CPU = Debug|Any CPU
		Release|Any CPU = Release|Any CPU
	EndGlobalSection
	GlobalSection(ProjectConfigurationPlatforms) = postSolution
		{F5417413-2177-4004-AD9C-2DC4FDB442C0}.Debug|Any CPU.ActiveCfg = Debug|Any CPU
		{F5417413-2177-4004-AD9C-2DC4FDB442C0}.Debug|Any CPU.Build.0 = Debug|Any CPU
		{F5417413-2177-4004-AD9C-2DC4FDB442C0}.Release|Any CPU.ActiveCfg = Release|Any CPU
		{F5417413-2177-4004-AD9C-2DC4FDB442C0}.Release|Any CPU.Build.0 = Release|Any CPU
	EndGlobalSection
	GlobalSection(SolutionProperties) = preSolution
		HideSolutionNode = FALSE
	EndGlobalSection
EndGlobal
